
Microsoft Visual Studio Solution File, Format Version 12.00
# Visual Studio Version 17
VisualStudioVersion = 17.7.34031.279
MinimumVisualStudioVersion = 10.0.40219.1
Project("{9A19103F-16F7-4668-BE54-9A1E7A4F7556}") = "EasyAdmin.Web", "src\EasyAdmin.Web\EasyAdmin.Web.csproj", "{864D6570-D76B-436C-A014-7E84D653EAC1}"
EndProject
Project("{2150E333-8FDC-42A3-9474-1A3956D46DE8}") = "Solution Items", "Solution Items", "{C32FDC7F-F63A-4ABC-B6D1-61050EE771D0}"
	ProjectSection(SolutionItems) = preProject
		README.md = README.md
	EndProjectSection
EndProject
Project("{9A19103F-16F7-4668-BE54-9A1E7A4F7556}") = "EasyAdmin.ApiGateway", "src\EasyAdmin.ApiGateway\EasyAdmin.ApiGateway.csproj", "{3916A1FA-3E50-4291-BFE8-234DCF59517E}"
EndProject
Project("{2150E333-8FDC-42A3-9474-1A3956D46DE8}") = "Service", "Service", "{F593E8E5-1FDB-44D9-BE0B-E56030CD38CD}"
EndProject
Project("{2150E333-8FDC-42A3-9474-1A3956D46DE8}") = "Consumer", "Consumer", "{D61C62EF-7C00-4C4F-8DBC-A51C9DAEC2E5}"
EndProject
Project("{2150E333-8FDC-42A3-9474-1A3956D46DE8}") = "Grpc", "Grpc", "{CBE4D8E6-C0B9-41DC-9ED3-445FD3681364}"
EndProject
Project("{2150E333-8FDC-42A3-9474-1A3956D46DE8}") = "Job", "Job", "{6A4E3893-9FF5-4D42-8331-180D81A22E61}"
EndProject
Project("{9A19103F-16F7-4668-BE54-9A1E7A4F7556}") = "EasyAdmin.Application", "src\EasyAdmin.Application\EasyAdmin.Application.csproj", "{8B2AD0C4-658D-4244-BD64-4C5D833B9609}"
EndProject
Project("{9A19103F-16F7-4668-BE54-9A1E7A4F7556}") = "EasyAdmin.Domain", "src\EasyAdmin.Domain\EasyAdmin.Domain.csproj", "{71B54CE0-F991-4EA4-A5C4-2A74DA2B39E2}"
EndProject
Project("{9A19103F-16F7-4668-BE54-9A1E7A4F7556}") = "EasyAdmin.Infrastructure", "src\EasyAdmin.Infrastructure\EasyAdmin.Infrastructure.csproj", "{954027D6-F654-4791-9E7B-6D578E0BFE1C}"
EndProject
Project("{9A19103F-16F7-4668-BE54-9A1E7A4F7556}") = "EasyAdmin.JobService", "src\EasyAdmin.JobService\EasyAdmin.JobService.csproj", "{C0404EEA-3D64-4EDB-BB2F-1EFC4BD483FF}"
EndProject
Project("{2150E333-8FDC-42A3-9474-1A3956D46DE8}") = "Framework", "Framework", "{9783E12D-B694-4DF9-8D22-CCD71134D632}"
EndProject
Project("{2150E333-8FDC-42A3-9474-1A3956D46DE8}") = "Web", "Web", "{3182E30B-27DD-4E80-9403-79E8ABCCBFCF}"
EndProject
Project("{9A19103F-16F7-4668-BE54-9A1E7A4F7556}") = "EasyAdmin.GrpcService", "src\EasyAdmin.GrpcService\EasyAdmin.GrpcService.csproj", "{7FCC745F-6559-4C5F-B0F5-FF60AAF02F3D}"
EndProject
Project("{9A19103F-16F7-4668-BE54-9A1E7A4F7556}") = "EasyAdmin.Grpc", "src\EasyAdmin.Grpc\EasyAdmin.Grpc.csproj", "{ED611744-B756-4C2F-A254-69F5C1673274}"
EndProject
Project("{9A19103F-16F7-4668-BE54-9A1E7A4F7556}") = "EasyAdmin.ConsumerService", "src\EasyAdmin.ConsumerService\EasyAdmin.ConsumerService.csproj", "{F812A4BF-2438-40E5-8181-86A9EE28F13D}"
EndProject
Project("{2150E333-8FDC-42A3-9474-1A3956D46DE8}") = "Test", "Test", "{08E6D86B-6C57-47AC-8DEF-E0EB33F195CF}"
EndProject
Project("{9A19103F-16F7-4668-BE54-9A1E7A4F7556}") = "EasyAdmin.Test", "test\EasyAdmin.Test\EasyAdmin.Test.csproj", "{B3710B7F-9D9C-4907-8110-8E144BF3E682}"
EndProject
Global
	GlobalSection(SolutionConfigurationPlatforms) = preSolution
		Debug|Any CPU = Debug|Any CPU
		Release|Any CPU = Release|Any CPU
	EndGlobalSection
	GlobalSection(ProjectConfigurationPlatforms) = postSolution
		{864D6570-D76B-436C-A014-7E84D653EAC1}.Debug|Any CPU.ActiveCfg = Debug|Any CPU
		{864D6570-D76B-436C-A014-7E84D653EAC1}.Debug|Any CPU.Build.0 = Debug|Any CPU
		{864D6570-D76B-436C-A014-7E84D653EAC1}.Release|Any CPU.ActiveCfg = Release|Any CPU
		{864D6570-D76B-436C-A014-7E84D653EAC1}.Release|Any CPU.Build.0 = Release|Any CPU
		{3916A1FA-3E50-4291-BFE8-234DCF59517E}.Debug|Any CPU.ActiveCfg = Debug|Any CPU
		{3916A1FA-3E50-4291-BFE8-234DCF59517E}.Debug|Any CPU.Build.0 = Debug|Any CPU
		{3916A1FA-3E50-4291-BFE8-234DCF59517E}.Release|Any CPU.ActiveCfg = Release|Any CPU
		{3916A1FA-3E50-4291-BFE8-234DCF59517E}.Release|Any CPU.Build.0 = Release|Any CPU
		{8B2AD0C4-658D-4244-BD64-4C5D833B9609}.Debug|Any CPU.ActiveCfg = Debug|Any CPU
		{8B2AD0C4-658D-4244-BD64-4C5D833B9609}.Debug|Any CPU.Build.0 = Debug|Any CPU
		{8B2AD0C4-658D-4244-BD64-4C5D833B9609}.Release|Any CPU.ActiveCfg = Release|Any CPU
		{8B2AD0C4-658D-4244-BD64-4C5D833B9609}.Release|Any CPU.Build.0 = Release|Any CPU
		{71B54CE0-F991-4EA4-A5C4-2A74DA2B39E2}.Debug|Any CPU.ActiveCfg = Debug|Any CPU
		{71B54CE0-F991-4EA4-A5C4-2A74DA2B39E2}.Debug|Any CPU.Build.0 = Debug|Any CPU
		{71B54CE0-F991-4EA4-A5C4-2A74DA2B39E2}.Release|Any CPU.ActiveCfg = Release|Any CPU
		{71B54CE0-F991-4EA4-A5C4-2A74DA2B39E2}.Release|Any CPU.Build.0 = Release|Any CPU
		{954027D6-F654-4791-9E7B-6D578E0BFE1C}.Debug|Any CPU.ActiveCfg = Debug|Any CPU
		{954027D6-F654-4791-9E7B-6D578E0BFE1C}.Debug|Any CPU.Build.0 = Debug|Any CPU
		{954027D6-F654-4791-9E7B-6D578E0BFE1C}.Release|Any CPU.ActiveCfg = Release|Any CPU
		{954027D6-F654-4791-9E7B-6D578E0BFE1C}.Release|Any CPU.Build.0 = Release|Any CPU
		{C0404EEA-3D64-4EDB-BB2F-1EFC4BD483FF}.Debug|Any CPU.ActiveCfg = Debug|Any CPU
		{C0404EEA-3D64-4EDB-BB2F-1EFC4BD483FF}.Debug|Any CPU.Build.0 = Debug|Any CPU
		{C0404EEA-3D64-4EDB-BB2F-1EFC4BD483FF}.Release|Any CPU.ActiveCfg = Release|Any CPU
		{C0404EEA-3D64-4EDB-BB2F-1EFC4BD483FF}.Release|Any CPU.Build.0 = Release|Any CPU
		{7FCC745F-6559-4C5F-B0F5-FF60AAF02F3D}.Debug|Any CPU.ActiveCfg = Debug|Any CPU
		{7FCC745F-6559-4C5F-B0F5-FF60AAF02F3D}.Debug|Any CPU.Build.0 = Debug|Any CPU
		{7FCC745F-6559-4C5F-B0F5-FF60AAF02F3D}.Release|Any CPU.ActiveCfg = Release|Any CPU
		{7FCC745F-6559-4C5F-B0F5-FF60AAF02F3D}.Release|Any CPU.Build.0 = Release|Any CPU
		{ED611744-B756-4C2F-A254-69F5C1673274}.Debug|Any CPU.ActiveCfg = Debug|Any CPU
		{ED611744-B756-4C2F-A254-69F5C1673274}.Debug|Any CPU.Build.0 = Debug|Any CPU
		{ED611744-B756-4C2F-A254-69F5C1673274}.Release|Any CPU.ActiveCfg = Release|Any CPU
		{ED611744-B756-4C2F-A254-69F5C1673274}.Release|Any CPU.Build.0 = Release|Any CPU
		{F812A4BF-2438-40E5-8181-86A9EE28F13D}.Debug|Any CPU.ActiveCfg = Debug|Any CPU
		{F812A4BF-2438-40E5-8181-86A9EE28F13D}.Debug|Any CPU.Build.0 = Debug|Any CPU
		{F812A4BF-2438-40E5-8181-86A9EE28F13D}.Release|Any CPU.ActiveCfg = Release|Any CPU
		{F812A4BF-2438-40E5-8181-86A9EE28F13D}.Release|Any CPU.Build.0 = Release|Any CPU
		{B3710B7F-9D9C-4907-8110-8E144BF3E682}.Debug|Any CPU.ActiveCfg = Debug|Any CPU
		{B3710B7F-9D9C-4907-8110-8E144BF3E682}.Debug|Any CPU.Build.0 = Debug|Any CPU
		{B3710B7F-9D9C-4907-8110-8E144BF3E682}.Release|Any CPU.ActiveCfg = Release|Any CPU
		{B3710B7F-9D9C-4907-8110-8E144BF3E682}.Release|Any CPU.Build.0 = Release|Any CPU
	EndGlobalSection
	GlobalSection(SolutionProperties) = preSolution
		HideSolutionNode = FALSE
	EndGlobalSection
	GlobalSection(NestedProjects) = preSolution
		{864D6570-D76B-436C-A014-7E84D653EAC1} = {3182E30B-27DD-4E80-9403-79E8ABCCBFCF}
		{3916A1FA-3E50-4291-BFE8-234DCF59517E} = {3182E30B-27DD-4E80-9403-79E8ABCCBFCF}
		{D61C62EF-7C00-4C4F-8DBC-A51C9DAEC2E5} = {F593E8E5-1FDB-44D9-BE0B-E56030CD38CD}
		{CBE4D8E6-C0B9-41DC-9ED3-445FD3681364} = {F593E8E5-1FDB-44D9-BE0B-E56030CD38CD}
		{6A4E3893-9FF5-4D42-8331-180D81A22E61} = {F593E8E5-1FDB-44D9-BE0B-E56030CD38CD}
		{8B2AD0C4-658D-4244-BD64-4C5D833B9609} = {9783E12D-B694-4DF9-8D22-CCD71134D632}
		{71B54CE0-F991-4EA4-A5C4-2A74DA2B39E2} = {9783E12D-B694-4DF9-8D22-CCD71134D632}
		{954027D6-F654-4791-9E7B-6D578E0BFE1C} = {9783E12D-B694-4DF9-8D22-CCD71134D632}
		{C0404EEA-3D64-4EDB-BB2F-1EFC4BD483FF} = {6A4E3893-9FF5-4D42-8331-180D81A22E61}
		{7FCC745F-6559-4C5F-B0F5-FF60AAF02F3D} = {CBE4D8E6-C0B9-41DC-9ED3-445FD3681364}
		{ED611744-B756-4C2F-A254-69F5C1673274} = {CBE4D8E6-C0B9-41DC-9ED3-445FD3681364}
		{F812A4BF-2438-40E5-8181-86A9EE28F13D} = {D61C62EF-7C00-4C4F-8DBC-A51C9DAEC2E5}
		{B3710B7F-9D9C-4907-8110-8E144BF3E682} = {08E6D86B-6C57-47AC-8DEF-E0EB33F195CF}
	EndGlobalSection
	GlobalSection(ExtensibilityGlobals) = postSolution
		SolutionGuid = {856F47BA-A470-4A3C-B0CC-310B7B42DEE1}
	EndGlobalSection
EndGlobal
